
Microsoft Visual Studio Solution File, Format Version 12.00
# Visual Studio Version 17
VisualStudioVersion = 17.9.34407.89
MinimumVisualStudioVersion = 10.0.40219.1
Project("{2150E333-8FDC-42A3-9474-1A3956D46DE8}") = "src", "src", "{15032D52-C0F5-47B3-8BCB-39457A7E06BE}"
EndProject
Project("{2150E333-8FDC-42A3-9474-1A3956D46DE8}") = "tests", "tests", "{9B970319-A17A-4AF9-94FE-F889C0D76116}"
EndProject
Project("{2150E333-8FDC-42A3-9474-1A3956D46DE8}") = "samples", "samples", "{7F978E28-0AB5-4191-BE09-2829A289C696}"
EndProject
Project("{FAE04EC0-301F-11D3-BF4B-00C04F79EFBC}") = "Basic", "tests\samples\Basic\Basic.csproj", "{071A1BDB-9154-485C-958A-3E17CE05C819}"
EndProject
Project("{FAE04EC0-301F-11D3-BF4B-00C04F79EFBC}") = "SignalR.AutoDoc", "src\SignalR.AutoDoc\SignalR.AutoDoc.csproj", "{83506B24-CF28-442C-A6C6-7F1425CA5697}"
EndProject
Global
	GlobalSection(SolutionConfigurationPlatforms) = preSolution
		Debug|Any CPU = Debug|Any CPU
		Release|Any CPU = Release|Any CPU
	EndGlobalSection
	GlobalSection(ProjectConfigurationPlatforms) = postSolution
		{071A1BDB-9154-485C-958A-3E17CE05C819}.Debug|Any CPU.ActiveCfg = Debug|Any CPU
		{071A1BDB-9154-485C-958A-3E17CE05C819}.Debug|Any CPU.Build.0 = Debug|Any CPU
		{071A1BDB-9154-485C-958A-3E17CE05C819}.Release|Any CPU.ActiveCfg = Release|Any CPU
		{071A1BDB-9154-485C-958A-3E17CE05C819}.Release|Any CPU.Build.0 = Release|Any CPU
		{83506B24-CF28-442C-A6C6-7F1425CA5697}.Debug|Any CPU.ActiveCfg = Debug|Any CPU
		{83506B24-CF28-442C-A6C6-7F1425CA5697}.Debug|Any CPU.Build.0 = Debug|Any CPU
		{83506B24-CF28-442C-A6C6-7F1425CA5697}.Release|Any CPU.ActiveCfg = Release|Any CPU
		{83506B24-CF28-442C-A6C6-7F1425CA5697}.Release|Any CPU.Build.0 = Release|Any CPU
	EndGlobalSection
	GlobalSection(SolutionProperties) = preSolution
		HideSolutionNode = FALSE
	EndGlobalSection
	GlobalSection(NestedProjects) = preSolution
		{7F978E28-0AB5-4191-BE09-2829A289C696} = {9B970319-A17A-4AF9-94FE-F889C0D76116}
		{071A1BDB-9154-485C-958A-3E17CE05C819} = {7F978E28-0AB5-4191-BE09-2829A289C696}
		{83506B24-CF28-442C-A6C6-7F1425CA5697} = {15032D52-C0F5-47B3-8BCB-39457A7E06BE}
	EndGlobalSection
	GlobalSection(ExtensibilityGlobals) = postSolution
		SolutionGuid = {F16168DE-A949-4749-B748-381599372B93}
	EndGlobalSection
EndGlobal
